// !$*UTF8*$!
{
	archiveVersion = 1;
	classes = {
	};
	objectVersion = 50;
	objects = {

/* Begin PBXBuildFile section */
		181CC71224A7473700DE3A8A /* BouncingBallViewController.swift in Sources */ = {isa = PBXBuildFile; fileRef = 181CC71124A7473700DE3A8A /* BouncingBallViewController.swift */; };
		182C8F90249917A700881401 /* AppDelegate.swift in Sources */ = {isa = PBXBuildFile; fileRef = 182C8F8F249917A700881401 /* AppDelegate.swift */; };
		182C8F92249917A700881401 /* SceneDelegate.swift in Sources */ = {isa = PBXBuildFile; fileRef = 182C8F91249917A700881401 /* SceneDelegate.swift */; };
		182C8F94249917A700881401 /* ViewController.swift in Sources */ = {isa = PBXBuildFile; fileRef = 182C8F93249917A700881401 /* ViewController.swift */; };
		182C8F97249917A700881401 /* Main.storyboard in Resources */ = {isa = PBXBuildFile; fileRef = 182C8F95249917A700881401 /* Main.storyboard */; };
		182C8F99249917A900881401 /* Assets.xcassets in Resources */ = {isa = PBXBuildFile; fileRef = 182C8F98249917A900881401 /* Assets.xcassets */; };
		182C8F9C249917A900881401 /* LaunchScreen.storyboard in Resources */ = {isa = PBXBuildFile; fileRef = 182C8F9A249917A900881401 /* LaunchScreen.storyboard */; };
/* End PBXBuildFile section */

/* Begin PBXFileReference section */
		181CC71124A7473700DE3A8A /* BouncingBallViewController.swift */ = {isa = PBXFileReference; lastKnownFileType = sourcecode.swift; path = BouncingBallViewController.swift; sourceTree = "<group>"; };
		182C8F8C249917A700881401 /* Ball Timer.app */ = {isa = PBXFileReference; explicitFileType = wrapper.application; includeInIndex = 0; path = "Ball Timer.app"; sourceTree = BUILT_PRODUCTS_DIR; };
		182C8F8F249917A700881401 /* AppDelegate.swift */ = {isa = PBXFileReference; lastKnownFileType = sourcecode.swift; path = AppDelegate.swift; sourceTree = "<group>"; };
		182C8F91249917A700881401 /* SceneDelegate.swift */ = {isa = PBXFileReference; lastKnownFileType = sourcecode.swift; path = SceneDelegate.swift; sourceTree = "<group>"; };
		182C8F93249917A700881401 /* ViewController.swift */ = {isa = PBXFileReference; lastKnownFileType = sourcecode.swift; path = ViewController.swift; sourceTree = "<group>"; };
		182C8F96249917A700881401 /* Base */ = {isa = PBXFileReference; lastKnownFileType = file.storyboard; name = Base; path = Base.lproj/Main.storyboard; sourceTree = "<group>"; };
		182C8F98249917A900881401 /* Assets.xcassets */ = {isa = PBXFileReference; lastKnownFileType = folder.assetcatalog; path = Assets.xcassets; sourceTree = "<group>"; };
		182C8F9B249917A900881401 /* Base */ = {isa = PBXFileReference; lastKnownFileType = file.storyboard; name = Base; path = Base.lproj/LaunchScreen.storyboard; sourceTree = "<group>"; };
		182C8F9D249917A900881401 /* Info.plist */ = {isa = PBXFileReference; lastKnownFileType = text.plist.xml; path = Info.plist; sourceTree = "<group>"; };
/* End PBXFileReference section */

/* Begin PBXFrameworksBuildPhase section */
		182C8F89249917A700881401 /* Frameworks */ = {
			isa = PBXFrameworksBuildPhase;
			buildActionMask = 2147483647;
			files = (
			);
			runOnlyForDeploymentPostprocessing = 0;
		};
/* End PBXFrameworksBuildPhase section */

/* Begin PBXGroup section */
		182C8F83249917A700881401 = {
			isa = PBXGroup;
			children = (
				182C8F8E249917A700881401 /* Ball Timer */,
				182C8F8D249917A700881401 /* Products */,
			);
			sourceTree = "<group>";
		};
		182C8F8D249917A700881401 /* Products */ = {
			isa = PBXGroup;
			children = (
				182C8F8C249917A700881401 /* Ball Timer.app */,
			);
			name = Products;
			sourceTree = "<group>";
		};
		182C8F8E249917A700881401 /* Ball Timer */ = {
			isa = PBXGroup;
			children = (
				182C8F8F249917A700881401 /* AppDelegate.swift */,
				182C8F91249917A700881401 /* SceneDelegate.swift */,
				182C8F93249917A700881401 /* ViewController.swift */,
				181CC71124A7473700DE3A8A /* BouncingBallViewController.swift */,
				182C8F95249917A700881401 /* Main.storyboard */,
				182C8F98249917A900881401 /* Assets.xcassets */,
				182C8F9A249917A900881401 /* LaunchScreen.storyboard */,
				182C8F9D249917A900881401 /* Info.plist */,
			);
			path = "Ball Timer";
			sourceTree = "<group>";
		};
/* End PBXGroup section */

/* Begin PBXNativeTarget section */
		182C8F8B249917A700881401 /* Ball Timer */ = {
			isa = PBXNativeTarget;
			buildConfigurationList = 182C8FA0249917A900881401 /* Build configuration list for PBXNativeTarget "Ball Timer" */;
			buildPhases = (
				182C8F88249917A700881401 /* Sources */,
				182C8F89249917A700881401 /* Frameworks */,
				182C8F8A249917A700881401 /* Resources */,
			);
			buildRules = (
			);
			dependencies = (
			);
			name = "Ball Timer";
			productName = "Ball Timer";
			productReference = 182C8F8C249917A700881401 /* Ball Timer.app */;
			productType = "com.apple.product-type.application";
		};
/* End PBXNativeTarget section */

/* Begin PBXProject section */
		182C8F84249917A700881401 /* Project object */ = {
			isa = PBXProject;
			attributes = {
				LastSwiftUpdateCheck = 1130;
				LastUpgradeCheck = 1130;
				ORGANIZATIONNAME = knb;
				TargetAttributes = {
					182C8F8B249917A700881401 = {
						CreatedOnToolsVersion = 11.3.1;
					};
				};
			};
			buildConfigurationList = 182C8F87249917A700881401 /* Build configuration list for PBXProject "Ball Timer" */;
			compatibilityVersion = "Xcode 9.3";
			developmentRegion = en;
			hasScannedForEncodings = 0;
			knownRegions = (
				en,
				Base,
			);
			mainGroup = 182C8F83249917A700881401;
			productRefGroup = 182C8F8D249917A700881401 /* Products */;
			projectDirPath = "";
			projectRoot = "";
			targets = (
				182C8F8B249917A700881401 /* Ball Timer */,
			);
		};
/* End PBXProject section */

/* Begin PBXResourcesBuildPhase section */
		182C8F8A249917A700881401 /* Resources */ = {
			isa = PBXResourcesBuildPhase;
			buildActionMask = 2147483647;
			files = (
				182C8F9C249917A900881401 /* LaunchScreen.storyboard in Resources */,
				182C8F99249917A900881401 /* Assets.xcassets in Resources */,
				182C8F97249917A700881401 /* Main.storyboard in Resources */,
			);
			runOnlyForDeploymentPostprocessing = 0;
		};
/* End PBXResourcesBuildPhase section */

/* Begin PBXSourcesBuildPhase section */
		182C8F88249917A700881401 /* Sources */ = {
			isa = PBXSourcesBuildPhase;
			buildActionMask = 2147483647;
			files = (
				181CC71224A7473700DE3A8A /* BouncingBallViewController.swift in Sources */,
				182C8F94249917A700881401 /* ViewController.swift in Sources */,
				182C8F90249917A700881401 /* AppDelegate.swift in Sources */,
				182C8F92249917A700881401 /* SceneDelegate.swift in Sources */,
			);
			runOnlyForDeploymentPostprocessing = 0;
		};
/* End PBXSourcesBuildPhase section */

/* Begin PBXVariantGroup section */
		182C8F95249917A700881401 /* Main.storyboard */ = {
			isa = PBXVariantGroup;
			children = (
				182C8F96249917A700881401 /* Base */,
			);
			name = Main.storyboard;
			sourceTree = "<group>";
		};
		182C8F9A249917A900881401 /* LaunchScreen.storyboard */ = {
			isa = PBXVariantGroup;
			children = (
				182C8F9B249917A900881401 /* Base */,
			);
			name = LaunchScreen.storyboard;
			sourceTree = "<group>";
		};
/* End PBXVariantGroup section */

/* Begin XCBuildConfiguration section */
		182C8F9E249917A900881401 /* Debug */ = {
			isa = XCBuildConfiguration;
			buildSettings = {
				ALWAYS_SEARCH_USER_PATHS = NO;
				CLANG_ANALYZER_NONNULL = YES;
				CLANG_ANALYZER_NUMBER_OBJECT_CONVERSION = YES_AGGRESSIVE;
				CLANG_CXX_LANGUAGE_STANDARD = "gnu++14";
				CLANG_CXX_LIBRARY = "libc++";
				CLANG_ENABLE_MODULES = YES;
				CLANG_ENABLE_OBJC_ARC = YES;
				CLANG_ENABLE_OBJC_WEAK = YES;
				CLANG_WARN_BLOCK_CAPTURE_AUTORELEASING = YES;
				CLANG_WARN_BOOL_CONVERSION = YES;
				CLANG_WARN_COMMA = YES;
				CLANG_WARN_CONSTANT_CONVERSION = YES;
				CLANG_WARN_DEPRECATED_OBJC_IMPLEMENTATIONS = YES;
				CLANG_WARN_DIRECT_OBJC_ISA_USAGE = YES_ERROR;
				CLANG_WARN_DOCUMENTATION_COMMENTS = YES;
				CLANG_WARN_EMPTY_BODY = YES;
				CLANG_WARN_ENUM_CONVERSION = YES;
				CLANG_WARN_INFINITE_RECURSION = YES;
				CLANG_WARN_INT_CONVERSION = YES;
				CLANG_WARN_NON_LITERAL_NULL_CONVERSION = YES;
				CLANG_WARN_OBJC_IMPLICIT_RETAIN_SELF = YES;
				CLANG_WARN_OBJC_LITERAL_CONVERSION = YES;
				CLANG_WARN_OBJC_ROOT_CLASS = YES_ERROR;
				CLANG_WARN_RANGE_LOOP_ANALYSIS = YES;
				CLANG_WARN_STRICT_PROTOTYPES = YES;
				CLANG_WARN_SUSPICIOUS_MOVE = YES;
				CLANG_WARN_UNGUARDED_AVAILABILITY = YES_AGGRESSIVE;
				CLANG_WARN_UNREACHABLE_CODE = YES;
				CLANG_WARN__DUPLICATE_METHOD_MATCH = YES;
				COPY_PHASE_STRIP = NO;
				DEBUG_INFORMATION_FORMAT = dwarf;
				ENABLE_STRICT_OBJC_MSGSEND = YES;
				ENABLE_TESTABILITY = YES;
				GCC_C_LANGUAGE_STANDARD = gnu11;
				GCC_DYNAMIC_NO_PIC = NO;
				GCC_NO_COMMON_BLOCKS = YES;
				GCC_OPTIMIZATION_LEVEL = 0;
				GCC_PREPROCESSOR_DEFINITIONS = (
					"DEBUG=1",
					"$(inherited)",
				);
				GCC_WARN_64_TO_32_BIT_CONVERSION = YES;
				GCC_WARN_ABOUT_RETURN_TYPE = YES_ERROR;
				GCC_WARN_UNDECLARED_SELECTOR = YES;
				GCC_WARN_UNINITIALIZED_AUTOS = YES_AGGRESSIVE;
				GCC_WARN_UNUSED_FUNCTION = YES;
				GCC_WARN_UNUSED_VARIABLE = YES;
				IPHONEOS_DEPLOYMENT_TARGET = 13.2;
				MTL_ENABLE_DEBUG_INFO = INCLUDE_SOURCE;
				MTL_FAST_MATH = YES;
				ONLY_ACTIVE_ARCH = YES;
				SDKROOT = iphoneos;
				SWIFT_ACTIVE_COMPILATION_CONDITIONS = DEBUG;
				SWIFT_OPTIMIZATION_LEVEL = "-Onone";
			};
			name = Debug;
		};
		182C8F9F249917A900881401 /* Release */ = {
			isa = XCBuildConfiguration;
			buildSettings = {
				ALWAYS_SEARCH_USER_PATHS = NO;
				CLANG_ANALYZER_NONNULL = YES;
				CLANG_ANALYZER_NUMBER_OBJECT_CONVERSION = YES_AGGRESSIVE;
				CLANG_CXX_LANGUAGE_STANDARD = "gnu++14";
				CLANG_CXX_LIBRARY = "libc++";
				CLANG_ENABLE_MODULES = YES;
				CLANG_ENABLE_OBJC_ARC = YES;
				CLANG_ENABLE_OBJC_WEAK = YES;
				CLANG_WARN_BLOCK_CAPTURE_AUTORELEASING = YES;
				CLANG_WARN_BOOL_CONVERSION = YES;
				CLANG_WARN_COMMA = YES;
				CLANG_WARN_CONSTANT_CONVERSION = YES;
				CLANG_WARN_DEPRECATED_OBJC_IMPLEMENTATIONS = YES;
				CLANG_WARN_DIRECT_OBJC_ISA_USAGE = YES_ERROR;
				CLANG_WARN_DOCUMENTATION_COMMENTS = YES;
				CLANG_WARN_EMPTY_BODY = YES;
				CLANG_WARN_ENUM_CONVERSION = YES;
				CLANG_WARN_INFINITE_RECURSION = YES;
				CLANG_WARN_INT_CONVERSION = YES;
				CLANG_WARN_NON_LITERAL_NULL_CONVERSION = YES;
				CLANG_WARN_OBJC_IMPLICIT_RETAIN_SELF = YES;
				CLANG_WARN_OBJC_LITERAL_CONVERSION = YES;
				CLANG_WARN_OBJC_ROOT_CLASS = YES_ERROR;
				CLANG_WARN_RANGE_LOOP_ANALYSIS = YES;
				CLANG_WARN_STRICT_PROTOTYPES = YES;
				CLANG_WARN_SUSPICIOUS_MOVE = YES;
				CLANG_WARN_UNGUARDED_AVAILABILITY = YES_AGGRESSIVE;
				CLANG_WARN_UNREACHABLE_CODE = YES;
				CLANG_WARN__DUPLICATE_METHOD_MATCH = YES;
				COPY_PHASE_STRIP = NO;
				DEBUG_INFORMATION_FORMAT = "dwarf-with-dsym";
				ENABLE_NS_ASSERTIONS = NO;
				ENABLE_STRICT_OBJC_MSGSEND = YES;
				GCC_C_LANGUAGE_STANDARD = gnu11;
				GCC_NO_COMMON_BLOCKS = YES;
				GCC_WARN_64_TO_32_BIT_CONVERSION = YES;
				GCC_WARN_ABOUT_RETURN_TYPE = YES_ERROR;
				GCC_WARN_UNDECLARED_SELECTOR = YES;
				GCC_WARN_UNINITIALIZED_AUTOS = YES_AGGRESSIVE;
				GCC_WARN_UNUSED_FUNCTION = YES;
				GCC_WARN_UNUSED_VARIABLE = YES;
				IPHONEOS_DEPLOYMENT_TARGET = 13.2;
				MTL_ENABLE_DEBUG_INFO = NO;
				MTL_FAST_MATH = YES;
				SDKROOT = iphoneos;
				SWIFT_COMPILATION_MODE = wholemodule;
				SWIFT_OPTIMIZATION_LEVEL = "-O";
				VALIDATE_PRODUCT = YES;
			};
			name = Release;
		};
		182C8FA1249917A900881401 /* Debug */ = {
			isa = XCBuildConfiguration;
			buildSettings = {
				ASSETCATALOG_COMPILER_APPICON_NAME = AppIcon;
				CODE_SIGN_STYLE = Automatic;
				INFOPLIST_FILE = "Ball Timer/Info.plist";
				LD_RUNPATH_SEARCH_PATHS = (
					"$(inherited)",
					"@executable_path/Frameworks",
				);
				PRODUCT_BUNDLE_IDENTIFIER = "knb.Ball-Timer";
				PRODUCT_NAME = "$(TARGET_NAME)";
				SWIFT_VERSION = 5.0;
				TARGETED_DEVICE_FAMILY = "1,2";
			};
			name = Debug;
		};
		182C8FA2249917A900881401 /* Release */ = {
			isa = XCBuildConfiguration;
			buildSettings = {
				ASSETCATALOG_COMPILER_APPICON_NAME = AppIcon;
				CODE_SIGN_STYLE = Automatic;
				INFOPLIST_FILE = "Ball Timer/Info.plist";
				LD_RUNPATH_SEARCH_PATHS = (
					"$(inherited)",
					"@executable_path/Frameworks",
				);
				PRODUCT_BUNDLE_IDENTIFIER = "knb.Ball-Timer";
				PRODUCT_NAME = "$(TARGET_NAME)";
				SWIFT_VERSION = 5.0;
				TARGETED_DEVICE_FAMILY = "1,2";
			};
			name = Release;
		};
/* End XCBuildConfiguration section */

/* Begin XCConfigurationList section */
		182C8F87249917A700881401 /* Build configuration list for PBXProject "Ball Timer" */ = {
			isa = XCConfigurationList;
			buildConfigurations = (
				182C8F9E249917A900881401 /* Debug */,
				182C8F9F249917A900881401 /* Release */,
			);
			defaultConfigurationIsVisible = 0;
			defaultConfigurationName = Release;
		};
		182C8FA0249917A900881401 /* Build configuration list for PBXNativeTarget "Ball Timer" */ = {
			isa = XCConfigurationList;
			buildConfigurations = (
				182C8FA1249917A900881401 /* Debug */,
				182C8FA2249917A900881401 /* Release */,
			);
			defaultConfigurationIsVisible = 0;
			defaultConfigurationName = Release;
		};
/* End XCConfigurationList section */
	};
	rootObject = 182C8F84249917A700881401 /* Project object */;
}
